
Microsoft Visual Studio Solution File, Format Version 12.00
# Visual Studio Version 17
VisualStudioVersion = 17.9.34728.123
MinimumVisualStudioVersion = 10.0.40219.1
Project("{FAE04EC0-301F-11D3-BF4B-00C04F79EFBC}") = "POP4", "POP4\POP4.csproj", "{38519115-531A-4647-A172-2329E3DE91EB}"
EndProject
Global
	GlobalSection(SolutionConfigurationPlatforms) = preSolution
		Debug|Any CPU = Debug|Any CPU
		Release|Any CPU = Release|Any CPU
	EndGlobalSection
	GlobalSection(ProjectConfigurationPlatforms) = postSolution
		{38519115-531A-4647-A172-2329E3DE91EB}.Debug|Any CPU.ActiveCfg = Debug|Any CPU
		{38519115-531A-4647-A172-2329E3DE91EB}.Debug|Any CPU.Build.0 = Debug|Any CPU
		{38519115-531A-4647-A172-2329E3DE91EB}.Release|Any CPU.ActiveCfg = Release|Any CPU
		{38519115-531A-4647-A172-2329E3DE91EB}.Release|Any CPU.Build.0 = Release|Any CPU
	EndGlobalSection
	GlobalSection(SolutionProperties) = preSolution
		HideSolutionNode = FALSE
	EndGlobalSection
	GlobalSection(ExtensibilityGlobals) = postSolution
		SolutionGuid = {7FF8EBE5-A54D-44B6-8133-B2CAF829F78E}
	EndGlobalSection
EndGlobal
